# This file was autogenerated by Stack.
# You should not edit this file by hand.
# For more information, please see the documentation at:
#   https://docs.haskellstack.org/en/stable/lock_files

packages:
- completed:
    size: 145708
    subdir: library
    url: https://github.com/alpacaaa/zero-bullshit-haskell/archive/master.tar.gz
    name: zero-bullshit
    version: 0.1.0.0
    sha256: b0b4bcbef21acdf07dd4742d9e3a40a0cabb88572d1106d585f93e3a4bc0abab
    pantry-tree:
      size: 281
      sha256: 2be330181b8662ad26cd99825c1ac7606518b111bcf98713135fe8f29b9864f3
  original:
    subdir: library
    url: https://github.com/alpacaaa/zero-bullshit-haskell/archive/master.tar.gz
- completed:
    hackage: regex-posix-clib-2.7@sha256:998fca06da3d719818f0691ef0b8b9b7375afeea228cb08bd9e2db53f96b0cd7,1232
    pantry-tree:
      size: 524
      sha256: 5bf20952472d930323766d250f5fbbe3fe6f2cd3d931e5cf7b62a238ab2099ff
  original:
    hackage: regex-posix-clib-2.7
snapshots:
- completed:
    size: 533252
    url: https://raw.githubusercontent.com/commercialhaskell/stackage-snapshots/master/lts/16/27.yaml
    sha256: c2aaae52beeacf6a5727c1010f50e89d03869abfab6d2c2658ade9da8ed50c73
  original:
    url: https://raw.githubusercontent.com/commercialhaskell/stackage-snapshots/master/lts/16/27.yaml
